<?xml version="1.0" encoding="utf-8"?>
<Project ToolsVersion="4.0" xmlns="http://schemas.microsoft.com/developer/msbuild/2003">
  <ItemGroup>
    <ClCompile Include="AdminForm.cpp" />
    <ClCompile Include="ChangeForm.cpp" />
    <ClCompile Include="ChangePromo.cpp" />
    <ClCompile Include="CheckForm.cpp" />
    <ClCompile Include="ChooseForm.cpp" />
    <ClCompile Include="Cinema.cpp" />
    <ClCompile Include="ExitForm.cpp" />
    <ClCompile Include="File_O.cpp" />
    <ClCompile Include="Film.cpp" />
    <ClCompile Include="FilmForm.cpp" />
    <ClCompile Include="MainForm.cpp" />
    <ClCompile Include="ReportForm.cpp" />
    <ClCompile Include="PayForm.cpp" />
    <ClCompile Include="Time.cpp" />
    <ClCompile Include="Ticket.cpp" />
  </ItemGroup>
  <ItemGroup>
    <ClInclude Include="AdminForm.h" />
    <ClInclude Include="ChangeForm.h" />
    <ClInclude Include="CheckForm.h" />
    <ClInclude Include="ChangePromo.h" />
    <ClInclude Include="ChooseForm.h" />
    <ClInclude Include="Cinema.h" />
    <ClInclude Include="ExitForm.h" />
    <ClInclude Include="File_O.h" />
    <ClInclude Include="Film.h" />
    <ClInclude Include="FilmForm.h" />
    <ClInclude Include="MainForm.h" />
    <ClInclude Include="ReportForm.h" />
    <ClInclude Include="PayForm.h" />
    <ClInclude Include="resource.h" />
    <ClInclude Include="Time.h" />
    <ClInclude Include="Ticket.h" />
  </ItemGroup>
  <ItemGroup>
    <ResourceCompile Include="Forms_Kurs_project.rc" />
  </ItemGroup>
  <ItemGroup>
    <Image Include="kino.png" />
    <Image Include="popcorn.ico" />
    <Image Include="punktir.png" />
    <Image Include="pictureBox1.Image.jpg" />
  </ItemGroup>
</Project>